// !$*UTF8*$!
{
	archiveVersion = 1;
	classes = {
	};
	objectVersion = 77;
	objects = {

/* Begin PBXBuildFile section */
		4558F3202CC7E73200B46DAA /* SnapKit in Frameworks */ = {isa = PBXBuildFile; productRef = 4558F31F2CC7E73200B46DAA /* SnapKit */; };
		4558F3252CC7E75F00B46DAA /* RxCocoa in Frameworks */ = {isa = PBXBuildFile; productRef = 4558F3242CC7E75F00B46DAA /* RxCocoa */; };
		4558F32A2CC7E77D00B46DAA /* Kingfisher in Frameworks */ = {isa = PBXBuildFile; productRef = 4558F3292CC7E77D00B46DAA /* Kingfisher */; };
		4558F32D2CC7E7C600B46DAA /* Alamofire in Frameworks */ = {isa = PBXBuildFile; productRef = 4558F32C2CC7E7C600B46DAA /* Alamofire */; };
		4558F32F2CC7E82A00B46DAA /* RxBlocking in Frameworks */ = {isa = PBXBuildFile; productRef = 4558F32E2CC7E82A00B46DAA /* RxBlocking */; };
		4558F3312CC7E82A00B46DAA /* RxRelay in Frameworks */ = {isa = PBXBuildFile; productRef = 4558F3302CC7E82A00B46DAA /* RxRelay */; };
		457CC5BE2CC7F730006794B8 /* MyCleanProject.xcdatamodeld in Sources */ = {isa = PBXBuildFile; fileRef = 457CC5BC2CC7F730006794B8 /* MyCleanProject.xcdatamodeld */; };
/* End PBXBuildFile section */

/* Begin PBXContainerItemProxy section */
		4558F2902CBCF24C00B46DAA /* PBXContainerItemProxy */ = {
			isa = PBXContainerItemProxy;
			containerPortal = 4558F2712CBCF24B00B46DAA /* Project object */;
			proxyType = 1;
			remoteGlobalIDString = 4558F2782CBCF24B00B46DAA;
			remoteInfo = MyCleanProject;
		};
		4558F29A2CBCF24C00B46DAA /* PBXContainerItemProxy */ = {
			isa = PBXContainerItemProxy;
			containerPortal = 4558F2712CBCF24B00B46DAA /* Project object */;
			proxyType = 1;
			remoteGlobalIDString = 4558F2782CBCF24B00B46DAA;
			remoteInfo = MyCleanProject;
		};
/* End PBXContainerItemProxy section */

/* Begin PBXFileReference section */
		4558F2792CBCF24B00B46DAA /* MyCleanProject.app */ = {isa = PBXFileReference; explicitFileType = wrapper.application; includeInIndex = 0; path = MyCleanProject.app; sourceTree = BUILT_PRODUCTS_DIR; };
		4558F28F2CBCF24C00B46DAA /* MyCleanProjectTests.xctest */ = {isa = PBXFileReference; explicitFileType = wrapper.cfbundle; includeInIndex = 0; path = MyCleanProjectTests.xctest; sourceTree = BUILT_PRODUCTS_DIR; };
		4558F2992CBCF24C00B46DAA /* MyCleanProjectUITests.xctest */ = {isa = PBXFileReference; explicitFileType = wrapper.cfbundle; includeInIndex = 0; path = MyCleanProjectUITests.xctest; sourceTree = BUILT_PRODUCTS_DIR; };
		457CC5BD2CC7F730006794B8 /* MyCleanProject.xcdatamodel */ = {isa = PBXFileReference; lastKnownFileType = wrapper.xcdatamodel; path = MyCleanProject.xcdatamodel; sourceTree = "<group>"; };
/* End PBXFileReference section */

/* Begin PBXFileSystemSynchronizedBuildFileExceptionSet section */
		4558F2A12CBCF24C00B46DAA /* Exceptions for "MyCleanProject" folder in "MyCleanProject" target */ = {
			isa = PBXFileSystemSynchronizedBuildFileExceptionSet;
			membershipExceptions = (
				Info.plist,
			);
			target = 4558F2782CBCF24B00B46DAA /* MyCleanProject */;
		};
/* End PBXFileSystemSynchronizedBuildFileExceptionSet section */

/* Begin PBXFileSystemSynchronizedRootGroup section */
		4558F27B2CBCF24B00B46DAA /* MyCleanProject */ = {
			isa = PBXFileSystemSynchronizedRootGroup;
			exceptions = (
				4558F2A12CBCF24C00B46DAA /* Exceptions for "MyCleanProject" folder in "MyCleanProject" target */,
			);
			path = MyCleanProject;
			sourceTree = "<group>";
		};
		4558F2922CBCF24C00B46DAA /* MyCleanProjectTests */ = {
			isa = PBXFileSystemSynchronizedRootGroup;
			path = MyCleanProjectTests;
			sourceTree = "<group>";
		};
		4558F29C2CBCF24C00B46DAA /* MyCleanProjectUITests */ = {
			isa = PBXFileSystemSynchronizedRootGroup;
			path = MyCleanProjectUITests;
			sourceTree = "<group>";
		};
/* End PBXFileSystemSynchronizedRootGroup section */

/* Begin PBXFrameworksBuildPhase section */
		4558F2762CBCF24B00B46DAA /* Frameworks */ = {
			isa = PBXFrameworksBuildPhase;
			buildActionMask = 2147483647;
			files = (
				4558F3312CC7E82A00B46DAA /* RxRelay in Frameworks */,
				4558F3252CC7E75F00B46DAA /* RxCocoa in Frameworks */,
				4558F3202CC7E73200B46DAA /* SnapKit in Frameworks */,
				4558F32D2CC7E7C600B46DAA /* Alamofire in Frameworks */,
				4558F32A2CC7E77D00B46DAA /* Kingfisher in Frameworks */,
				4558F32F2CC7E82A00B46DAA /* RxBlocking in Frameworks */,
			);
			runOnlyForDeploymentPostprocessing = 0;
		};
		4558F28C2CBCF24C00B46DAA /* Frameworks */ = {
			isa = PBXFrameworksBuildPhase;
			buildActionMask = 2147483647;
			files = (
			);
			runOnlyForDeploymentPostprocessing = 0;
		};
		4558F2962CBCF24C00B46DAA /* Frameworks */ = {
			isa = PBXFrameworksBuildPhase;
			buildActionMask = 2147483647;
			files = (
			);
			runOnlyForDeploymentPostprocessing = 0;
		};
/* End PBXFrameworksBuildPhase section */

/* Begin PBXGroup section */
		4558F2702CBCF24B00B46DAA = {
			isa = PBXGroup;
			children = (
				457CC5BC2CC7F730006794B8 /* MyCleanProject.xcdatamodeld */,
				4558F27B2CBCF24B00B46DAA /* MyCleanProject */,
				4558F2922CBCF24C00B46DAA /* MyCleanProjectTests */,
				4558F29C2CBCF24C00B46DAA /* MyCleanProjectUITests */,
				4558F27A2CBCF24B00B46DAA /* Products */,
			);
			sourceTree = "<group>";
		};
		4558F27A2CBCF24B00B46DAA /* Products */ = {
			isa = PBXGroup;
			children = (
				4558F2792CBCF24B00B46DAA /* MyCleanProject.app */,
				4558F28F2CBCF24C00B46DAA /* MyCleanProjectTests.xctest */,
				4558F2992CBCF24C00B46DAA /* MyCleanProjectUITests.xctest */,
			);
			name = Products;
			sourceTree = "<group>";
		};
/* End PBXGroup section */

/* Begin PBXNativeTarget section */
		4558F2782CBCF24B00B46DAA /* MyCleanProject */ = {
			isa = PBXNativeTarget;
			buildConfigurationList = 4558F2A22CBCF24C00B46DAA /* Build configuration list for PBXNativeTarget "MyCleanProject" */;
			buildPhases = (
				4558F2752CBCF24B00B46DAA /* Sources */,
				4558F2762CBCF24B00B46DAA /* Frameworks */,
				4558F2772CBCF24B00B46DAA /* Resources */,
			);
			buildRules = (
			);
			dependencies = (
			);
			fileSystemSynchronizedGroups = (
				4558F27B2CBCF24B00B46DAA /* MyCleanProject */,
			);
			name = MyCleanProject;
			packageProductDependencies = (
				4558F31F2CC7E73200B46DAA /* SnapKit */,
				4558F3242CC7E75F00B46DAA /* RxCocoa */,
				4558F3292CC7E77D00B46DAA /* Kingfisher */,
				4558F32C2CC7E7C600B46DAA /* Alamofire */,
				4558F32E2CC7E82A00B46DAA /* RxBlocking */,
				4558F3302CC7E82A00B46DAA /* RxRelay */,
			);
			productName = MyCleanProject;
			productReference = 4558F2792CBCF24B00B46DAA /* MyCleanProject.app */;
			productType = "com.apple.product-type.application";
		};
		4558F28E2CBCF24C00B46DAA /* MyCleanProjectTests */ = {
			isa = PBXNativeTarget;
			buildConfigurationList = 4558F2A72CBCF24C00B46DAA /* Build configuration list for PBXNativeTarget "MyCleanProjectTests" */;
			buildPhases = (
				4558F28B2CBCF24C00B46DAA /* Sources */,
				4558F28C2CBCF24C00B46DAA /* Frameworks */,
				4558F28D2CBCF24C00B46DAA /* Resources */,
			);
			buildRules = (
			);
			dependencies = (
				4558F2912CBCF24C00B46DAA /* PBXTargetDependency */,
			);
			fileSystemSynchronizedGroups = (
				4558F2922CBCF24C00B46DAA /* MyCleanProjectTests */,
			);
			name = MyCleanProjectTests;
			packageProductDependencies = (
			);
			productName = MyCleanProjectTests;
			productReference = 4558F28F2CBCF24C00B46DAA /* MyCleanProjectTests.xctest */;
			productType = "com.apple.product-type.bundle.unit-test";
		};
		4558F2982CBCF24C00B46DAA /* MyCleanProjectUITests */ = {
			isa = PBXNativeTarget;
			buildConfigurationList = 4558F2AA2CBCF24C00B46DAA /* Build configuration list for PBXNativeTarget "MyCleanProjectUITests" */;
			buildPhases = (
				4558F2952CBCF24C00B46DAA /* Sources */,
				4558F2962CBCF24C00B46DAA /* Frameworks */,
				4558F2972CBCF24C00B46DAA /* Resources */,
			);
			buildRules = (
			);
			dependencies = (
				4558F29B2CBCF24C00B46DAA /* PBXTargetDependency */,
			);
			fileSystemSynchronizedGroups = (
				4558F29C2CBCF24C00B46DAA /* MyCleanProjectUITests */,
			);
			name = MyCleanProjectUITests;
			packageProductDependencies = (
			);
			productName = MyCleanProjectUITests;
			productReference = 4558F2992CBCF24C00B46DAA /* MyCleanProjectUITests.xctest */;
			productType = "com.apple.product-type.bundle.ui-testing";
		};
/* End PBXNativeTarget section */

/* Begin PBXProject section */
		4558F2712CBCF24B00B46DAA /* Project object */ = {
			isa = PBXProject;
			attributes = {
				BuildIndependentTargetsInParallel = 1;
				LastSwiftUpdateCheck = 1600;
				LastUpgradeCheck = 1600;
				TargetAttributes = {
					4558F2782CBCF24B00B46DAA = {
						CreatedOnToolsVersion = 16.0;
					};
					4558F28E2CBCF24C00B46DAA = {
						CreatedOnToolsVersion = 16.0;
						TestTargetID = 4558F2782CBCF24B00B46DAA;
					};
					4558F2982CBCF24C00B46DAA = {
						CreatedOnToolsVersion = 16.0;
						TestTargetID = 4558F2782CBCF24B00B46DAA;
					};
				};
			};
			buildConfigurationList = 4558F2742CBCF24B00B46DAA /* Build configuration list for PBXProject "MyCleanProject" */;
			developmentRegion = en;
			hasScannedForEncodings = 0;
			knownRegions = (
				en,
				Base,
			);
			mainGroup = 4558F2702CBCF24B00B46DAA;
			minimizedProjectReferenceProxies = 1;
			packageReferences = (
				4558F31E2CC7E73200B46DAA /* XCRemoteSwiftPackageReference "SnapKit" */,
				4558F3212CC7E75F00B46DAA /* XCRemoteSwiftPackageReference "RxSwift" */,
				4558F3282CC7E77D00B46DAA /* XCRemoteSwiftPackageReference "Kingfisher" */,
				4558F32B2CC7E7C600B46DAA /* XCRemoteSwiftPackageReference "Alamofire" */,
			);
			preferredProjectObjectVersion = 77;
			productRefGroup = 4558F27A2CBCF24B00B46DAA /* Products */;
			projectDirPath = "";
			projectRoot = "";
			targets = (
				4558F2782CBCF24B00B46DAA /* MyCleanProject */,
				4558F28E2CBCF24C00B46DAA /* MyCleanProjectTests */,
				4558F2982CBCF24C00B46DAA /* MyCleanProjectUITests */,
			);
		};
/* End PBXProject section */

/* Begin PBXResourcesBuildPhase section */
		4558F2772CBCF24B00B46DAA /* Resources */ = {
			isa = PBXResourcesBuildPhase;
			buildActionMask = 2147483647;
			files = (
			);
			runOnlyForDeploymentPostprocessing = 0;
		};
		4558F28D2CBCF24C00B46DAA /* Resources */ = {
			isa = PBXResourcesBuildPhase;
			buildActionMask = 2147483647;
			files = (
			);
			runOnlyForDeploymentPostprocessing = 0;
		};
		4558F2972CBCF24C00B46DAA /* Resources */ = {
			isa = PBXResourcesBuildPhase;
			buildActionMask = 2147483647;
			files = (
			);
			runOnlyForDeploymentPostprocessing = 0;
		};
/* End PBXResourcesBuildPhase section */

/* Begin PBXSourcesBuildPhase section */
		4558F2752CBCF24B00B46DAA /* Sources */ = {
			isa = PBXSourcesBuildPhase;
			buildActionMask = 2147483647;
			files = (
				457CC5BE2CC7F730006794B8 /* MyCleanProject.xcdatamodeld in Sources */,
			);
			runOnlyForDeploymentPostprocessing = 0;
		};
		4558F28B2CBCF24C00B46DAA /* Sources */ = {
			isa = PBXSourcesBuildPhase;
			buildActionMask = 2147483647;
			files = (
			);
			runOnlyForDeploymentPostprocessing = 0;
		};
		4558F2952CBCF24C00B46DAA /* Sources */ = {
			isa = PBXSourcesBuildPhase;
			buildActionMask = 2147483647;
			files = (
			);
			runOnlyForDeploymentPostprocessing = 0;
		};
/* End PBXSourcesBuildPhase section */

/* Begin PBXTargetDependency section */
		4558F2912CBCF24C00B46DAA /* PBXTargetDependency */ = {
			isa = PBXTargetDependency;
			target = 4558F2782CBCF24B00B46DAA /* MyCleanProject */;
			targetProxy = 4558F2902CBCF24C00B46DAA /* PBXContainerItemProxy */;
		};
		4558F29B2CBCF24C00B46DAA /* PBXTargetDependency */ = {
			isa = PBXTargetDependency;
			target = 4558F2782CBCF24B00B46DAA /* MyCleanProject */;
			targetProxy = 4558F29A2CBCF24C00B46DAA /* PBXContainerItemProxy */;
		};
/* End PBXTargetDependency section */

/* Begin XCBuildConfiguration section */
		4558F2A32CBCF24C00B46DAA /* Debug */ = {
			isa = XCBuildConfiguration;
			buildSettings = {
				ASSETCATALOG_COMPILER_APPICON_NAME = AppIcon;
				ASSETCATALOG_COMPILER_GLOBAL_ACCENT_COLOR_NAME = AccentColor;
				CODE_SIGN_STYLE = Automatic;
				CURRENT_PROJECT_VERSION = 1;
				DEVELOPMENT_TEAM = 4HT2BE32MC;
				GENERATE_INFOPLIST_FILE = YES;
				INFOPLIST_FILE = MyCleanProject/Info.plist;
				INFOPLIST_KEY_UIApplicationSupportsIndirectInputEvents = YES;
				INFOPLIST_KEY_UILaunchStoryboardName = LaunchScreen;
				INFOPLIST_KEY_UIMainStoryboardFile = Main;
				INFOPLIST_KEY_UISupportedInterfaceOrientations_iPad = "UIInterfaceOrientationPortrait UIInterfaceOrientationPortraitUpsideDown UIInterfaceOrientationLandscapeLeft UIInterfaceOrientationLandscapeRight";
				INFOPLIST_KEY_UISupportedInterfaceOrientations_iPhone = "UIInterfaceOrientationPortrait UIInterfaceOrientationLandscapeLeft UIInterfaceOrientationLandscapeRight";
				LD_RUNPATH_SEARCH_PATHS = (
					"$(inherited)",
					"@executable_path/Frameworks",
				);
				MARKETING_VERSION = 1.0;
				PRODUCT_BUNDLE_IDENTIFIER = com.elly.MyCleanProject;
				PRODUCT_NAME = "$(TARGET_NAME)";
				SWIFT_EMIT_LOC_STRINGS = YES;
				SWIFT_VERSION = 5.0;
				TARGETED_DEVICE_FAMILY = "1,2";
			};
			name = Debug;
		};
		4558F2A42CBCF24C00B46DAA /* Release */ = {
			isa = XCBuildConfiguration;
			buildSettings = {
				ASSETCATALOG_COMPILER_APPICON_NAME = AppIcon;
				ASSETCATALOG_COMPILER_GLOBAL_ACCENT_COLOR_NAME = AccentColor;
				CODE_SIGN_STYLE = Automatic;
				CURRENT_PROJECT_VERSION = 1;
				DEVELOPMENT_TEAM = 4HT2BE32MC;
				GENERATE_INFOPLIST_FILE = YES;
				INFOPLIST_FILE = MyCleanProject/Info.plist;
				INFOPLIST_KEY_UIApplicationSupportsIndirectInputEvents = YES;
				INFOPLIST_KEY_UILaunchStoryboardName = LaunchScreen;
				INFOPLIST_KEY_UIMainStoryboardFile = Main;
				INFOPLIST_KEY_UISupportedInterfaceOrientations_iPad = "UIInterfaceOrientationPortrait UIInterfaceOrientationPortraitUpsideDown UIInterfaceOrientationLandscapeLeft UIInterfaceOrientationLandscapeRight";
				INFOPLIST_KEY_UISupportedInterfaceOrientations_iPhone = "UIInterfaceOrientationPortrait UIInterfaceOrientationLandscapeLeft UIInterfaceOrientationLandscapeRight";
				LD_RUNPATH_SEARCH_PATHS = (
					"$(inherited)",
					"@executable_path/Frameworks",
				);
				MARKETING_VERSION = 1.0;
				PRODUCT_BUNDLE_IDENTIFIER = com.elly.MyCleanProject;
				PRODUCT_NAME = "$(TARGET_NAME)";
				SWIFT_EMIT_LOC_STRINGS = YES;
				SWIFT_VERSION = 5.0;
				TARGETED_DEVICE_FAMILY = "1,2";
			};
			name = Release;
		};
		4558F2A52CBCF24C00B46DAA /* Debug */ = {
			isa = XCBuildConfiguration;
			buildSettings = {
				ALWAYS_SEARCH_USER_PATHS = NO;
				ASSETCATALOG_COMPILER_GENERATE_SWIFT_ASSET_SYMBOL_EXTENSIONS = YES;
				CLANG_ANALYZER_NONNULL = YES;
				CLANG_ANALYZER_NUMBER_OBJECT_CONVERSION = YES_AGGRESSIVE;
				CLANG_CXX_LANGUAGE_STANDARD = "gnu++20";
				CLANG_ENABLE_MODULES = YES;
				CLANG_ENABLE_OBJC_ARC = YES;
				CLANG_ENABLE_OBJC_WEAK = YES;
				CLANG_WARN_BLOCK_CAPTURE_AUTORELEASING = YES;
				CLANG_WARN_BOOL_CONVERSION = YES;
				CLANG_WARN_COMMA = YES;
				CLANG_WARN_CONSTANT_CONVERSION = YES;
				CLANG_WARN_DEPRECATED_OBJC_IMPLEMENTATIONS = YES;
				CLANG_WARN_DIRECT_OBJC_ISA_USAGE = YES_ERROR;
				CLANG_WARN_DOCUMENTATION_COMMENTS = YES;
				CLANG_WARN_EMPTY_BODY = YES;
				CLANG_WARN_ENUM_CONVERSION = YES;
				CLANG_WARN_INFINITE_RECURSION = YES;
				CLANG_WARN_INT_CONVERSION = YES;
				CLANG_WARN_NON_LITERAL_NULL_CONVERSION = YES;
				CLANG_WARN_OBJC_IMPLICIT_RETAIN_SELF = YES;
				CLANG_WARN_OBJC_LITERAL_CONVERSION = YES;
				CLANG_WARN_OBJC_ROOT_CLASS = YES_ERROR;
				CLANG_WARN_QUOTED_INCLUDE_IN_FRAMEWORK_HEADER = YES;
				CLANG_WARN_RANGE_LOOP_ANALYSIS = YES;
				CLANG_WARN_STRICT_PROTOTYPES = YES;
				CLANG_WARN_SUSPICIOUS_MOVE = YES;
				CLANG_WARN_UNGUARDED_AVAILABILITY = YES_AGGRESSIVE;
				CLANG_WARN_UNREACHABLE_CODE = YES;
				CLANG_WARN__DUPLICATE_METHOD_MATCH = YES;
				COPY_PHASE_STRIP = NO;
				DEBUG_INFORMATION_FORMAT = dwarf;
				ENABLE_STRICT_OBJC_MSGSEND = YES;
				ENABLE_TESTABILITY = YES;
				ENABLE_USER_SCRIPT_SANDBOXING = YES;
				GCC_C_LANGUAGE_STANDARD = gnu17;
				GCC_DYNAMIC_NO_PIC = NO;
				GCC_NO_COMMON_BLOCKS = YES;
				GCC_OPTIMIZATION_LEVEL = 0;
				GCC_PREPROCESSOR_DEFINITIONS = (
					"DEBUG=1",
					"$(inherited)",
				);
				GCC_WARN_64_TO_32_BIT_CONVERSION = YES;
				GCC_WARN_ABOUT_RETURN_TYPE = YES_ERROR;
				GCC_WARN_UNDECLARED_SELECTOR = YES;
				GCC_WARN_UNINITIALIZED_AUTOS = YES_AGGRESSIVE;
				GCC_WARN_UNUSED_FUNCTION = YES;
				GCC_WARN_UNUSED_VARIABLE = YES;
				IPHONEOS_DEPLOYMENT_TARGET = 18.0;
				LOCALIZATION_PREFERS_STRING_CATALOGS = YES;
				MTL_ENABLE_DEBUG_INFO = INCLUDE_SOURCE;
				MTL_FAST_MATH = YES;
				ONLY_ACTIVE_ARCH = YES;
				SDKROOT = iphoneos;
				SWIFT_ACTIVE_COMPILATION_CONDITIONS = "DEBUG $(inherited)";
				SWIFT_OPTIMIZATION_LEVEL = "-Onone";
			};
			name = Debug;
		};
		4558F2A62CBCF24C00B46DAA /* Release */ = {
			isa = XCBuildConfiguration;
			buildSettings = {
				ALWAYS_SEARCH_USER_PATHS = NO;
				ASSETCATALOG_COMPILER_GENERATE_SWIFT_ASSET_SYMBOL_EXTENSIONS = YES;
				CLANG_ANALYZER_NONNULL = YES;
				CLANG_ANALYZER_NUMBER_OBJECT_CONVERSION = YES_AGGRESSIVE;
				CLANG_CXX_LANGUAGE_STANDARD = "gnu++20";
				CLANG_ENABLE_MODULES = YES;
				CLANG_ENABLE_OBJC_ARC = YES;
				CLANG_ENABLE_OBJC_WEAK = YES;
				CLANG_WARN_BLOCK_CAPTURE_AUTORELEASING = YES;
				CLANG_WARN_BOOL_CONVERSION = YES;
				CLANG_WARN_COMMA = YES;
				CLANG_WARN_CONSTANT_CONVERSION = YES;
				CLANG_WARN_DEPRECATED_OBJC_IMPLEMENTATIONS = YES;
				CLANG_WARN_DIRECT_OBJC_ISA_USAGE = YES_ERROR;
				CLANG_WARN_DOCUMENTATION_COMMENTS = YES;
				CLANG_WARN_EMPTY_BODY = YES;
				CLANG_WARN_ENUM_CONVERSION = YES;
				CLANG_WARN_INFINITE_RECURSION = YES;
				CLANG_WARN_INT_CONVERSION = YES;
				CLANG_WARN_NON_LITERAL_NULL_CONVERSION = YES;
				CLANG_WARN_OBJC_IMPLICIT_RETAIN_SELF = YES;
				CLANG_WARN_OBJC_LITERAL_CONVERSION = YES;
				CLANG_WARN_OBJC_ROOT_CLASS = YES_ERROR;
				CLANG_WARN_QUOTED_INCLUDE_IN_FRAMEWORK_HEADER = YES;
				CLANG_WARN_RANGE_LOOP_ANALYSIS = YES;
				CLANG_WARN_STRICT_PROTOTYPES = YES;
				CLANG_WARN_SUSPICIOUS_MOVE = YES;
				CLANG_WARN_UNGUARDED_AVAILABILITY = YES_AGGRESSIVE;
				CLANG_WARN_UNREACHABLE_CODE = YES;
				CLANG_WARN__DUPLICATE_METHOD_MATCH = YES;
				COPY_PHASE_STRIP = NO;
				DEBUG_INFORMATION_FORMAT = "dwarf-with-dsym";
				ENABLE_NS_ASSERTIONS = NO;
				ENABLE_STRICT_OBJC_MSGSEND = YES;
				ENABLE_USER_SCRIPT_SANDBOXING = YES;
				GCC_C_LANGUAGE_STANDARD = gnu17;
				GCC_NO_COMMON_BLOCKS = YES;
				GCC_WARN_64_TO_32_BIT_CONVERSION = YES;
				GCC_WARN_ABOUT_RETURN_TYPE = YES_ERROR;
				GCC_WARN_UNDECLARED_SELECTOR = YES;
				GCC_WARN_UNINITIALIZED_AUTOS = YES_AGGRESSIVE;
				GCC_WARN_UNUSED_FUNCTION = YES;
				GCC_WARN_UNUSED_VARIABLE = YES;
				IPHONEOS_DEPLOYMENT_TARGET = 18.0;
				LOCALIZATION_PREFERS_STRING_CATALOGS = YES;
				MTL_ENABLE_DEBUG_INFO = NO;
				MTL_FAST_MATH = YES;
				SDKROOT = iphoneos;
				SWIFT_COMPILATION_MODE = wholemodule;
				VALIDATE_PRODUCT = YES;
			};
			name = Release;
		};
		4558F2A82CBCF24C00B46DAA /* Debug */ = {
			isa = XCBuildConfiguration;
			buildSettings = {
				BUNDLE_LOADER = "$(TEST_HOST)";
				CODE_SIGN_STYLE = Automatic;
				CURRENT_PROJECT_VERSION = 1;
				DEVELOPMENT_TEAM = 4HT2BE32MC;
				GENERATE_INFOPLIST_FILE = YES;
				IPHONEOS_DEPLOYMENT_TARGET = 18.0;
				MARKETING_VERSION = 1.0;
				PRODUCT_BUNDLE_IDENTIFIER = com.elly.MyCleanProjectTests;
				PRODUCT_NAME = "$(TARGET_NAME)";
				SWIFT_EMIT_LOC_STRINGS = NO;
				SWIFT_VERSION = 5.0;
				TARGETED_DEVICE_FAMILY = "1,2";
				TEST_HOST = "$(BUILT_PRODUCTS_DIR)/MyCleanProject.app/$(BUNDLE_EXECUTABLE_FOLDER_PATH)/MyCleanProject";
			};
			name = Debug;
		};
		4558F2A92CBCF24C00B46DAA /* Release */ = {
			isa = XCBuildConfiguration;
			buildSettings = {
				BUNDLE_LOADER = "$(TEST_HOST)";
				CODE_SIGN_STYLE = Automatic;
				CURRENT_PROJECT_VERSION = 1;
				DEVELOPMENT_TEAM = 4HT2BE32MC;
				GENERATE_INFOPLIST_FILE = YES;
				IPHONEOS_DEPLOYMENT_TARGET = 18.0;
				MARKETING_VERSION = 1.0;
				PRODUCT_BUNDLE_IDENTIFIER = com.elly.MyCleanProjectTests;
				PRODUCT_NAME = "$(TARGET_NAME)";
				SWIFT_EMIT_LOC_STRINGS = NO;
				SWIFT_VERSION = 5.0;
				TARGETED_DEVICE_FAMILY = "1,2";
				TEST_HOST = "$(BUILT_PRODUCTS_DIR)/MyCleanProject.app/$(BUNDLE_EXECUTABLE_FOLDER_PATH)/MyCleanProject";
			};
			name = Release;
		};
		4558F2AB2CBCF24C00B46DAA /* Debug */ = {
			isa = XCBuildConfiguration;
			buildSettings = {
				CODE_SIGN_STYLE = Automatic;
				CURRENT_PROJECT_VERSION = 1;
				DEVELOPMENT_TEAM = 4HT2BE32MC;
				GENERATE_INFOPLIST_FILE = YES;
				MARKETING_VERSION = 1.0;
				PRODUCT_BUNDLE_IDENTIFIER = com.elly.MyCleanProjectUITests;
				PRODUCT_NAME = "$(TARGET_NAME)";
				SWIFT_EMIT_LOC_STRINGS = NO;
				SWIFT_VERSION = 5.0;
				TARGETED_DEVICE_FAMILY = "1,2";
				TEST_TARGET_NAME = MyCleanProject;
			};
			name = Debug;
		};
		4558F2AC2CBCF24C00B46DAA /* Release */ = {
			isa = XCBuildConfiguration;
			buildSettings = {
				CODE_SIGN_STYLE = Automatic;
				CURRENT_PROJECT_VERSION = 1;
				DEVELOPMENT_TEAM = 4HT2BE32MC;
				GENERATE_INFOPLIST_FILE = YES;
				MARKETING_VERSION = 1.0;
				PRODUCT_BUNDLE_IDENTIFIER = com.elly.MyCleanProjectUITests;
				PRODUCT_NAME = "$(TARGET_NAME)";
				SWIFT_EMIT_LOC_STRINGS = NO;
				SWIFT_VERSION = 5.0;
				TARGETED_DEVICE_FAMILY = "1,2";
				TEST_TARGET_NAME = MyCleanProject;
			};
			name = Release;
		};
/* End XCBuildConfiguration section */

/* Begin XCConfigurationList section */
		4558F2742CBCF24B00B46DAA /* Build configuration list for PBXProject "MyCleanProject" */ = {
			isa = XCConfigurationList;
			buildConfigurations = (
				4558F2A52CBCF24C00B46DAA /* Debug */,
				4558F2A62CBCF24C00B46DAA /* Release */,
			);
			defaultConfigurationIsVisible = 0;
			defaultConfigurationName = Release;
		};
		4558F2A22CBCF24C00B46DAA /* Build configuration list for PBXNativeTarget "MyCleanProject" */ = {
			isa = XCConfigurationList;
			buildConfigurations = (
				4558F2A32CBCF24C00B46DAA /* Debug */,
				4558F2A42CBCF24C00B46DAA /* Release */,
			);
			defaultConfigurationIsVisible = 0;
			defaultConfigurationName = Release;
		};
		4558F2A72CBCF24C00B46DAA /* Build configuration list for PBXNativeTarget "MyCleanProjectTests" */ = {
			isa = XCConfigurationList;
			buildConfigurations = (
				4558F2A82CBCF24C00B46DAA /* Debug */,
				4558F2A92CBCF24C00B46DAA /* Release */,
			);
			defaultConfigurationIsVisible = 0;
			defaultConfigurationName = Release;
		};
		4558F2AA2CBCF24C00B46DAA /* Build configuration list for PBXNativeTarget "MyCleanProjectUITests" */ = {
			isa = XCConfigurationList;
			buildConfigurations = (
				4558F2AB2CBCF24C00B46DAA /* Debug */,
				4558F2AC2CBCF24C00B46DAA /* Release */,
			);
			defaultConfigurationIsVisible = 0;
			defaultConfigurationName = Release;
		};
/* End XCConfigurationList section */

/* Begin XCRemoteSwiftPackageReference section */
		4558F31E2CC7E73200B46DAA /* XCRemoteSwiftPackageReference "SnapKit" */ = {
			isa = XCRemoteSwiftPackageReference;
			repositoryURL = "https://github.com/SnapKit/SnapKit.git";
			requirement = {
				kind = upToNextMajorVersion;
				minimumVersion = 5.7.1;
			};
		};
		4558F3212CC7E75F00B46DAA /* XCRemoteSwiftPackageReference "RxSwift" */ = {
			isa = XCRemoteSwiftPackageReference;
			repositoryURL = "https://github.com/ReactiveX/RxSwift.git";
			requirement = {
				kind = upToNextMajorVersion;
				minimumVersion = 6.8.0;
			};
		};
		4558F3282CC7E77D00B46DAA /* XCRemoteSwiftPackageReference "Kingfisher" */ = {
			isa = XCRemoteSwiftPackageReference;
			repositoryURL = "https://github.com/onevcat/Kingfisher.git";
			requirement = {
				kind = upToNextMajorVersion;
				minimumVersion = 8.1.0;
			};
		};
		4558F32B2CC7E7C600B46DAA /* XCRemoteSwiftPackageReference "Alamofire" */ = {
			isa = XCRemoteSwiftPackageReference;
			repositoryURL = "https://github.com/Alamofire/Alamofire.git";
			requirement = {
				kind = upToNextMajorVersion;
				minimumVersion = 5.10.1;
			};
		};
/* End XCRemoteSwiftPackageReference section */

/* Begin XCSwiftPackageProductDependency section */
		4558F31F2CC7E73200B46DAA /* SnapKit */ = {
			isa = XCSwiftPackageProductDependency;
			package = 4558F31E2CC7E73200B46DAA /* XCRemoteSwiftPackageReference "SnapKit" */;
			productName = SnapKit;
		};
		4558F3242CC7E75F00B46DAA /* RxCocoa */ = {
			isa = XCSwiftPackageProductDependency;
			package = 4558F3212CC7E75F00B46DAA /* XCRemoteSwiftPackageReference "RxSwift" */;
			productName = RxCocoa;
		};
		4558F3292CC7E77D00B46DAA /* Kingfisher */ = {
			isa = XCSwiftPackageProductDependency;
			package = 4558F3282CC7E77D00B46DAA /* XCRemoteSwiftPackageReference "Kingfisher" */;
			productName = Kingfisher;
		};
		4558F32C2CC7E7C600B46DAA /* Alamofire */ = {
			isa = XCSwiftPackageProductDependency;
			package = 4558F32B2CC7E7C600B46DAA /* XCRemoteSwiftPackageReference "Alamofire" */;
			productName = Alamofire;
		};
		4558F32E2CC7E82A00B46DAA /* RxBlocking */ = {
			isa = XCSwiftPackageProductDependency;
			package = 4558F3212CC7E75F00B46DAA /* XCRemoteSwiftPackageReference "RxSwift" */;
			productName = RxBlocking;
		};
		4558F3302CC7E82A00B46DAA /* RxRelay */ = {
			isa = XCSwiftPackageProductDependency;
			package = 4558F3212CC7E75F00B46DAA /* XCRemoteSwiftPackageReference "RxSwift" */;
			productName = RxRelay;
		};
/* End XCSwiftPackageProductDependency section */

/* Begin XCVersionGroup section */
		457CC5BC2CC7F730006794B8 /* MyCleanProject.xcdatamodeld */ = {
			isa = XCVersionGroup;
			children = (
				457CC5BD2CC7F730006794B8 /* MyCleanProject.xcdatamodel */,
			);
			currentVersion = 457CC5BD2CC7F730006794B8 /* MyCleanProject.xcdatamodel */;
			path = MyCleanProject.xcdatamodeld;
			sourceTree = "<group>";
			versionGroupType = wrapper.xcdatamodel;
		};
/* End XCVersionGroup section */
	};
	rootObject = 4558F2712CBCF24B00B46DAA /* Project object */;
}
